
Microsoft Visual Studio Solution File, Format Version 11.00
# Visual Studio 2010
Project("{FAE04EC0-301F-11D3-BF4B-00C04F79EFBC}") = "SimpleInput.Runtime", "SimpleInput.Runtime.csproj", "{5bda99d6-8c72-9bd1-e6fc-888a31a45d76}"
EndProject
Project("{FAE04EC0-301F-11D3-BF4B-00C04F79EFBC}") = "Assembly-CSharp", "Assembly-CSharp.csproj", "{f7ab8a81-2bf9-c3e0-91ad-5e0c0f1d0b76}"
EndProject
Project("{FAE04EC0-301F-11D3-BF4B-00C04F79EFBC}") = "SimpleInput.Editor", "SimpleInput.Editor.csproj", "{3c9dbada-2475-1d76-a493-3dd70bfbd2f5}"
EndProject
Global
	GlobalSection(SolutionConfigurationPlatforms) = preSolution
		Debug|Any CPU = Debug|Any CPU
	EndGlobalSection
	GlobalSection(ProjectConfigurationPlatforms) = postSolution
		{5bda99d6-8c72-9bd1-e6fc-888a31a45d76}.Debug|Any CPU.ActiveCfg = Debug|Any CPU
		{5bda99d6-8c72-9bd1-e6fc-888a31a45d76}.Debug|Any CPU.Build.0 = Debug|Any CPU
		{f7ab8a81-2bf9-c3e0-91ad-5e0c0f1d0b76}.Debug|Any CPU.ActiveCfg = Debug|Any CPU
		{f7ab8a81-2bf9-c3e0-91ad-5e0c0f1d0b76}.Debug|Any CPU.Build.0 = Debug|Any CPU
		{3c9dbada-2475-1d76-a493-3dd70bfbd2f5}.Debug|Any CPU.ActiveCfg = Debug|Any CPU
		{3c9dbada-2475-1d76-a493-3dd70bfbd2f5}.Debug|Any CPU.Build.0 = Debug|Any CPU
	EndGlobalSection
	GlobalSection(SolutionProperties) = preSolution
		HideSolutionNode = FALSE
	EndGlobalSection
EndGlobal
